// !$*UTF8*$!
{
	archiveVersion = 1;
	classes = {
	};
	objectVersion = 46;
	objects = {

/* Begin PBXBuildFile section */
		B61E199519E6DF4800469592 /* AppDelegate.swift in Sources */ = {isa = PBXBuildFile; fileRef = B61E199419E6DF4800469592 /* AppDelegate.swift */; };
		B61E199719E6DF4800469592 /* ViewController.swift in Sources */ = {isa = PBXBuildFile; fileRef = B61E199619E6DF4800469592 /* ViewController.swift */; };
		B61E199A19E6DF4800469592 /* Main.storyboard in Resources */ = {isa = PBXBuildFile; fileRef = B61E199819E6DF4800469592 /* Main.storyboard */; };
		B61E199C19E6DF4800469592 /* Images.xcassets in Resources */ = {isa = PBXBuildFile; fileRef = B61E199B19E6DF4800469592 /* Images.xcassets */; };
		B61E19A819E6DF4800469592 /* tipsTests.swift in Sources */ = {isa = PBXBuildFile; fileRef = B61E19A719E6DF4800469592 /* tipsTests.swift */; };
/* End PBXBuildFile section */

/* Begin PBXContainerItemProxy section */
		B61E19A219E6DF4800469592 /* PBXContainerItemProxy */ = {
			isa = PBXContainerItemProxy;
			containerPortal = B61E198719E6DF4800469592 /* Project object */;
			proxyType = 1;
			remoteGlobalIDString = B61E198E19E6DF4800469592;
			remoteInfo = tips;
		};
/* End PBXContainerItemProxy section */

/* Begin PBXFileReference section */
		B61E198F19E6DF4800469592 /* tips.app */ = {isa = PBXFileReference; explicitFileType = wrapper.application; includeInIndex = 0; path = tips.app; sourceTree = BUILT_PRODUCTS_DIR; };
		B61E199319E6DF4800469592 /* Info.plist */ = {isa = PBXFileReference; lastKnownFileType = text.plist.xml; path = Info.plist; sourceTree = "<group>"; };
		B61E199419E6DF4800469592 /* AppDelegate.swift */ = {isa = PBXFileReference; lastKnownFileType = sourcecode.swift; path = AppDelegate.swift; sourceTree = "<group>"; };
		B61E199619E6DF4800469592 /* ViewController.swift */ = {isa = PBXFileReference; lastKnownFileType = sourcecode.swift; path = ViewController.swift; sourceTree = "<group>"; };
		B61E199919E6DF4800469592 /* Base */ = {isa = PBXFileReference; lastKnownFileType = file.storyboard; name = Base; path = Base.lproj/Main.storyboard; sourceTree = "<group>"; };
		B61E199B19E6DF4800469592 /* Images.xcassets */ = {isa = PBXFileReference; lastKnownFileType = folder.assetcatalog; path = Images.xcassets; sourceTree = "<group>"; };
		B61E19A119E6DF4800469592 /* tipsTests.xctest */ = {isa = PBXFileReference; explicitFileType = wrapper.cfbundle; includeInIndex = 0; path = tipsTests.xctest; sourceTree = BUILT_PRODUCTS_DIR; };
		B61E19A619E6DF4800469592 /* Info.plist */ = {isa = PBXFileReference; lastKnownFileType = text.plist.xml; path = Info.plist; sourceTree = "<group>"; };
		B61E19A719E6DF4800469592 /* tipsTests.swift */ = {isa = PBXFileReference; lastKnownFileType = sourcecode.swift; path = tipsTests.swift; sourceTree = "<group>"; };
/* End PBXFileReference section */

/* Begin PBXFrameworksBuildPhase section */
		B61E198C19E6DF4800469592 /* Frameworks */ = {
			isa = PBXFrameworksBuildPhase;
			buildActionMask = 2147483647;
			files = (
			);
			runOnlyForDeploymentPostprocessing = 0;
		};
		B61E199E19E6DF4800469592 /* Frameworks */ = {
			isa = PBXFrameworksBuildPhase;
			buildActionMask = 2147483647;
			files = (
			);
			runOnlyForDeploymentPostprocessing = 0;
		};
/* End PBXFrameworksBuildPhase section */

/* Begin PBXGroup section */
		B61E198619E6DF4800469592 = {
			isa = PBXGroup;
			children = (
				B61E199119E6DF4800469592 /* tips */,
				B61E19A419E6DF4800469592 /* tipsTests */,
				B61E199019E6DF4800469592 /* Products */,
			);
			sourceTree = "<group>";
		};
		B61E199019E6DF4800469592 /* Products */ = {
			isa = PBXGroup;
			children = (
				B61E198F19E6DF4800469592 /* tips.app */,
				B61E19A119E6DF4800469592 /* tipsTests.xctest */,
			);
			name = Products;
			sourceTree = "<group>";
		};
		B61E199119E6DF4800469592 /* tips */ = {
			isa = PBXGroup;
			children = (
				B61E199419E6DF4800469592 /* AppDelegate.swift */,
				B61E199619E6DF4800469592 /* ViewController.swift */,
				B61E199819E6DF4800469592 /* Main.storyboard */,
				B61E199B19E6DF4800469592 /* Images.xcassets */,
				B61E199219E6DF4800469592 /* Supporting Files */,
			);
			path = tips;
			sourceTree = "<group>";
		};
		B61E199219E6DF4800469592 /* Supporting Files */ = {
			isa = PBXGroup;
			children = (
				B61E199319E6DF4800469592 /* Info.plist */,
			);
			name = "Supporting Files";
			sourceTree = "<group>";
		};
		B61E19A419E6DF4800469592 /* tipsTests */ = {
			isa = PBXGroup;
			children = (
				B61E19A719E6DF4800469592 /* tipsTests.swift */,
				B61E19A519E6DF4800469592 /* Supporting Files */,
			);
			path = tipsTests;
			sourceTree = "<group>";
		};
		B61E19A519E6DF4800469592 /* Supporting Files */ = {
			isa = PBXGroup;
			children = (
				B61E19A619E6DF4800469592 /* Info.plist */,
			);
			name = "Supporting Files";
			sourceTree = "<group>";
		};
/* End PBXGroup section */

/* Begin PBXNativeTarget section */
		B61E198E19E6DF4800469592 /* tips */ = {
			isa = PBXNativeTarget;
			buildConfigurationList = B61E19AB19E6DF4800469592 /* Build configuration list for PBXNativeTarget "tips" */;
			buildPhases = (
				B61E198B19E6DF4800469592 /* Sources */,
				B61E198C19E6DF4800469592 /* Frameworks */,
				B61E198D19E6DF4800469592 /* Resources */,
			);
			buildRules = (
			);
			dependencies = (
			);
			name = tips;
			productName = tips;
			productReference = B61E198F19E6DF4800469592 /* tips.app */;
			productType = "com.apple.product-type.application";
		};
		B61E19A019E6DF4800469592 /* tipsTests */ = {
			isa = PBXNativeTarget;
			buildConfigurationList = B61E19AE19E6DF4800469592 /* Build configuration list for PBXNativeTarget "tipsTests" */;
			buildPhases = (
				B61E199D19E6DF4800469592 /* Sources */,
				B61E199E19E6DF4800469592 /* Frameworks */,
				B61E199F19E6DF4800469592 /* Resources */,
			);
			buildRules = (
			);
			dependencies = (
				B61E19A319E6DF4800469592 /* PBXTargetDependency */,
			);
			name = tipsTests;
			productName = tipsTests;
			productReference = B61E19A119E6DF4800469592 /* tipsTests.xctest */;
			productType = "com.apple.product-type.bundle.unit-test";
		};
/* End PBXNativeTarget section */

/* Begin PBXProject section */
		B61E198719E6DF4800469592 /* Project object */ = {
			isa = PBXProject;
			attributes = {
				LastUpgradeCheck = 0600;
				ORGANIZATIONNAME = cemre;
				TargetAttributes = {
					B61E198E19E6DF4800469592 = {
						CreatedOnToolsVersion = 6.0;
					};
					B61E19A019E6DF4800469592 = {
						CreatedOnToolsVersion = 6.0;
						TestTargetID = B61E198E19E6DF4800469592;
					};
				};
			};
			buildConfigurationList = B61E198A19E6DF4800469592 /* Build configuration list for PBXProject "tips" */;
			compatibilityVersion = "Xcode 3.2";
			developmentRegion = English;
			hasScannedForEncodings = 0;
			knownRegions = (
				en,
				Base,
			);
			mainGroup = B61E198619E6DF4800469592;
			productRefGroup = B61E199019E6DF4800469592 /* Products */;
			projectDirPath = "";
			projectRoot = "";
			targets = (
				B61E198E19E6DF4800469592 /* tips */,
				B61E19A019E6DF4800469592 /* tipsTests */,
			);
		};
/* End PBXProject section */

/* Begin PBXResourcesBuildPhase section */
		B61E198D19E6DF4800469592 /* Resources */ = {
			isa = PBXResourcesBuildPhase;
			buildActionMask = 2147483647;
			files = (
				B61E199A19E6DF4800469592 /* Main.storyboard in Resources */,
				B61E199C19E6DF4800469592 /* Images.xcassets in Resources */,
			);
			runOnlyForDeploymentPostprocessing = 0;
		};
		B61E199F19E6DF4800469592 /* Resources */ = {
			isa = PBXResourcesBuildPhase;
			buildActionMask = 2147483647;
			files = (
			);
			runOnlyForDeploymentPostprocessing = 0;
		};
/* End PBXResourcesBuildPhase section */

/* Begin PBXSourcesBuildPhase section */
		B61E198B19E6DF4800469592 /* Sources */ = {
			isa = PBXSourcesBuildPhase;
			buildActionMask = 2147483647;
			files = (
				B61E199719E6DF4800469592 /* ViewController.swift in Sources */,
				B61E199519E6DF4800469592 /* AppDelegate.swift in Sources */,
			);
			runOnlyForDeploymentPostprocessing = 0;
		};
		B61E199D19E6DF4800469592 /* Sources */ = {
			isa = PBXSourcesBuildPhase;
			buildActionMask = 2147483647;
			files = (
				B61E19A819E6DF4800469592 /* tipsTests.swift in Sources */,
			);
			runOnlyForDeploymentPostprocessing = 0;
		};
/* End PBXSourcesBuildPhase section */

/* Begin PBXTargetDependency section */
		B61E19A319E6DF4800469592 /* PBXTargetDependency */ = {
			isa = PBXTargetDependency;
			target = B61E198E19E6DF4800469592 /* tips */;
			targetProxy = B61E19A219E6DF4800469592 /* PBXContainerItemProxy */;
		};
/* End PBXTargetDependency section */

/* Begin PBXVariantGroup section */
		B61E199819E6DF4800469592 /* Main.storyboard */ = {
			isa = PBXVariantGroup;
			children = (
				B61E199919E6DF4800469592 /* Base */,
			);
			name = Main.storyboard;
			sourceTree = "<group>";
		};
/* End PBXVariantGroup section */

/* Begin XCBuildConfiguration section */
		B61E19A919E6DF4800469592 /* Debug */ = {
			isa = XCBuildConfiguration;
			buildSettings = {
				ALWAYS_SEARCH_USER_PATHS = NO;
				CLANG_CXX_LANGUAGE_STANDARD = "gnu++0x";
				CLANG_CXX_LIBRARY = "libc++";
				CLANG_ENABLE_MODULES = YES;
				CLANG_ENABLE_OBJC_ARC = YES;
				CLANG_WARN_BOOL_CONVERSION = YES;
				CLANG_WARN_CONSTANT_CONVERSION = YES;
				CLANG_WARN_DIRECT_OBJC_ISA_USAGE = YES_ERROR;
				CLANG_WARN_EMPTY_BODY = YES;
				CLANG_WARN_ENUM_CONVERSION = YES;
				CLANG_WARN_INT_CONVERSION = YES;
				CLANG_WARN_OBJC_ROOT_CLASS = YES_ERROR;
				CLANG_WARN_UNREACHABLE_CODE = YES;
				CLANG_WARN__DUPLICATE_METHOD_MATCH = YES;
				"CODE_SIGN_IDENTITY[sdk=iphoneos*]" = "iPhone Developer";
				COPY_PHASE_STRIP = NO;
				ENABLE_STRICT_OBJC_MSGSEND = YES;
				GCC_C_LANGUAGE_STANDARD = gnu99;
				GCC_DYNAMIC_NO_PIC = NO;
				GCC_OPTIMIZATION_LEVEL = 0;
				GCC_PREPROCESSOR_DEFINITIONS = (
					"DEBUG=1",
					"$(inherited)",
				);
				GCC_SYMBOLS_PRIVATE_EXTERN = NO;
				GCC_WARN_64_TO_32_BIT_CONVERSION = YES;
				GCC_WARN_ABOUT_RETURN_TYPE = YES_ERROR;
				GCC_WARN_UNDECLARED_SELECTOR = YES;
				GCC_WARN_UNINITIALIZED_AUTOS = YES_AGGRESSIVE;
				GCC_WARN_UNUSED_FUNCTION = YES;
				GCC_WARN_UNUSED_VARIABLE = YES;
				IPHONEOS_DEPLOYMENT_TARGET = 8.0;
				MTL_ENABLE_DEBUG_INFO = YES;
				ONLY_ACTIVE_ARCH = YES;
				SDKROOT = iphoneos;
				SWIFT_OPTIMIZATION_LEVEL = "-Onone";
			};
			name = Debug;
		};
		B61E19AA19E6DF4800469592 /* Release */ = {
			isa = XCBuildConfiguration;
			buildSettings = {
				ALWAYS_SEARCH_USER_PATHS = NO;
				CLANG_CXX_LANGUAGE_STANDARD = "gnu++0x";
				CLANG_CXX_LIBRARY = "libc++";
				CLANG_ENABLE_MODULES = YES;
				CLANG_ENABLE_OBJC_ARC = YES;
				CLANG_WARN_BOOL_CONVERSION = YES;
				CLANG_WARN_CONSTANT_CONVERSION = YES;
				CLANG_WARN_DIRECT_OBJC_ISA_USAGE = YES_ERROR;
				CLANG_WARN_EMPTY_BODY = YES;
				CLANG_WARN_ENUM_CONVERSION = YES;
				CLANG_WARN_INT_CONVERSION = YES;
				CLANG_WARN_OBJC_ROOT_CLASS = YES_ERROR;
				CLANG_WARN_UNREACHABLE_CODE = YES;
				CLANG_WARN__DUPLICATE_METHOD_MATCH = YES;
				"CODE_SIGN_IDENTITY[sdk=iphoneos*]" = "iPhone Developer";
				COPY_PHASE_STRIP = YES;
				ENABLE_NS_ASSERTIONS = NO;
				ENABLE_STRICT_OBJC_MSGSEND = YES;
				GCC_C_LANGUAGE_STANDARD = gnu99;
				GCC_WARN_64_TO_32_BIT_CONVERSION = YES;
				GCC_WARN_ABOUT_RETURN_TYPE = YES_ERROR;
				GCC_WARN_UNDECLARED_SELECTOR = YES;
				GCC_WARN_UNINITIALIZED_AUTOS = YES_AGGRESSIVE;
				GCC_WARN_UNUSED_FUNCTION = YES;
				GCC_WARN_UNUSED_VARIABLE = YES;
				IPHONEOS_DEPLOYMENT_TARGET = 8.0;
				MTL_ENABLE_DEBUG_INFO = NO;
				SDKROOT = iphoneos;
				VALIDATE_PRODUCT = YES;
			};
			name = Release;
		};
		B61E19AC19E6DF4800469592 /* Debug */ = {
			isa = XCBuildConfiguration;
			buildSettings = {
				ASSETCATALOG_COMPILER_APPICON_NAME = AppIcon;
				ASSETCATALOG_COMPILER_LAUNCHIMAGE_NAME = LaunchImage;
				INFOPLIST_FILE = tips/Info.plist;
				LD_RUNPATH_SEARCH_PATHS = "$(inherited) @executable_path/Frameworks";
				PRODUCT_NAME = "$(TARGET_NAME)";
			};
			name = Debug;
		};
		B61E19AD19E6DF4800469592 /* Release */ = {
			isa = XCBuildConfiguration;
			buildSettings = {
				ASSETCATALOG_COMPILER_APPICON_NAME = AppIcon;
				ASSETCATALOG_COMPILER_LAUNCHIMAGE_NAME = LaunchImage;
				INFOPLIST_FILE = tips/Info.plist;
				LD_RUNPATH_SEARCH_PATHS = "$(inherited) @executable_path/Frameworks";
				PRODUCT_NAME = "$(TARGET_NAME)";
			};
			name = Release;
		};
		B61E19AF19E6DF4800469592 /* Debug */ = {
			isa = XCBuildConfiguration;
			buildSettings = {
				BUNDLE_LOADER = "$(TEST_HOST)";
				FRAMEWORK_SEARCH_PATHS = (
					"$(SDKROOT)/Developer/Library/Frameworks",
					"$(inherited)",
				);
				GCC_PREPROCESSOR_DEFINITIONS = (
					"DEBUG=1",
					"$(inherited)",
				);
				INFOPLIST_FILE = tipsTests/Info.plist;
				LD_RUNPATH_SEARCH_PATHS = "$(inherited) @executable_path/Frameworks @loader_path/Frameworks";
				PRODUCT_NAME = "$(TARGET_NAME)";
				TEST_HOST = "$(BUILT_PRODUCTS_DIR)/tips.app/tips";
			};
			name = Debug;
		};
		B61E19B019E6DF4800469592 /* Release */ = {
			isa = XCBuildConfiguration;
			buildSettings = {
				BUNDLE_LOADER = "$(TEST_HOST)";
				FRAMEWORK_SEARCH_PATHS = (
					"$(SDKROOT)/Developer/Library/Frameworks",
					"$(inherited)",
				);
				INFOPLIST_FILE = tipsTests/Info.plist;
				LD_RUNPATH_SEARCH_PATHS = "$(inherited) @executable_path/Frameworks @loader_path/Frameworks";
				PRODUCT_NAME = "$(TARGET_NAME)";
				TEST_HOST = "$(BUILT_PRODUCTS_DIR)/tips.app/tips";
			};
			name = Release;
		};
/* End XCBuildConfiguration section */

/* Begin XCConfigurationList section */
		B61E198A19E6DF4800469592 /* Build configuration list for PBXProject "tips" */ = {
			isa = XCConfigurationList;
			buildConfigurations = (
				B61E19A919E6DF4800469592 /* Debug */,
				B61E19AA19E6DF4800469592 /* Release */,
			);
			defaultConfigurationIsVisible = 0;
			defaultConfigurationName = Release;
		};
		B61E19AB19E6DF4800469592 /* Build configuration list for PBXNativeTarget "tips" */ = {
			isa = XCConfigurationList;
			buildConfigurations = (
				B61E19AC19E6DF4800469592 /* Debug */,
				B61E19AD19E6DF4800469592 /* Release */,
			);
			defaultConfigurationIsVisible = 0;
		};
		B61E19AE19E6DF4800469592 /* Build configuration list for PBXNativeTarget "tipsTests" */ = {
			isa = XCConfigurationList;
			buildConfigurations = (
				B61E19AF19E6DF4800469592 /* Debug */,
				B61E19B019E6DF4800469592 /* Release */,
			);
			defaultConfigurationIsVisible = 0;
		};
/* End XCConfigurationList section */
	};
	rootObject = B61E198719E6DF4800469592 /* Project object */;
}
